
Microsoft Visual Studio Solution File, Format Version 12.00
# Visual Studio Version 16
VisualStudioVersion = 16.0.31515.178
MinimumVisualStudioVersion = 10.0.40219.1
Project("{9A19103F-16F7-4668-BE54-9A1E7A4F7556}") = "MedianUpdates", "MedianUpdates\MedianUpdates.csproj", "{C49C24D0-599F-4560-9F08-F3D88C36A6D1}"
EndProject
Project("{9A19103F-16F7-4668-BE54-9A1E7A4F7556}") = "BirthdayCakeCandles", "BirthdayCakeCandles\BirthdayCakeCandles.csproj", "{7E8184DD-B109-4DB4-AFC9-88ECE8A118B3}"
EndProject
Project("{9A19103F-16F7-4668-BE54-9A1E7A4F7556}") = "TimeConversion", "TimeConversion\TimeConversion.csproj", "{5D99167F-F3BD-4336-891F-925EE8A1EB7A}"
EndProject
Project("{2150E333-8FDC-42A3-9474-1A3956D46DE8}") = "Easy", "Easy", "{62F95872-9E93-4EDA-94D9-4ACFA15AF149}"
EndProject
Project("{2150E333-8FDC-42A3-9474-1A3956D46DE8}") = "Medium", "Medium", "{914CC848-67B5-4881-8EA3-AA8A73FE52C2}"
EndProject
Project("{2150E333-8FDC-42A3-9474-1A3956D46DE8}") = "Hard", "Hard", "{FDAAFFC1-DEF3-40D3-B91C-D017980344FD}"
EndProject
Project("{9A19103F-16F7-4668-BE54-9A1E7A4F7556}") = "FindDigits", "FindDigits\FindDigits.csproj", "{12D4D80E-0481-490A-B2AC-730F640C7A6F}"
EndProject
Project("{2150E333-8FDC-42A3-9474-1A3956D46DE8}") = "Strings", "Strings", "{7EC5CB09-4252-43EB-934B-765C3ADBAEBE}"
EndProject
Project("{9A19103F-16F7-4668-BE54-9A1E7A4F7556}") = "PalindromeIndex", "PalindromeIndex\PalindromeIndex.csproj", "{CB9EB2D3-027E-4C54-813E-68F681B2AB1B}"
EndProject
Project("{9A19103F-16F7-4668-BE54-9A1E7A4F7556}") = "HackerRankInAString", "HackerRankInAString\HackerRankInAString.csproj", "{22CC290D-DDDA-4516-B1B3-3D222E7FA0FE}"
EndProject
Project("{9A19103F-16F7-4668-BE54-9A1E7A4F7556}") = "Anagram", "Anagram\Anagram.csproj", "{5DDEBC25-D59C-45E5-9EA7-446B7D3E0C78}"
EndProject
Project("{9A19103F-16F7-4668-BE54-9A1E7A4F7556}") = "CaesarCipher", "CaesarCipher\CaesarCipher.csproj", "{790DD2DB-F03E-41DD-8D75-E548C6A49844}"
EndProject
Project("{9A19103F-16F7-4668-BE54-9A1E7A4F7556}") = "WeightedUniformStrings", "WeightedUniformStrings\WeightedUniformStrings.csproj", "{7991271B-3C5A-47A1-A242-10B362717570}"
EndProject
Project("{9A19103F-16F7-4668-BE54-9A1E7A4F7556}") = "Gemstones", "Gemstones\Gemstones.csproj", "{3BA73DBC-8849-4D4B-A3D4-6588AC5FE590}"
EndProject
Project("{9A19103F-16F7-4668-BE54-9A1E7A4F7556}") = "SeperateTheNumbers", "SeperateTheNumbers\SeperateTheNumbers.csproj", "{089F5F71-8E49-4015-B3E3-0B8CFE999A05}"
EndProject
Project("{9A19103F-16F7-4668-BE54-9A1E7A4F7556}") = "GameOfThrones", "GameOfThrones\GameOfThrones.csproj", "{4C98BE3C-6470-4DA6-815B-67B8E9C3DC5F}"
EndProject
Project("{9A19103F-16F7-4668-BE54-9A1E7A4F7556}") = "MakingAnagrams", "MakingAnagrams\MakingAnagrams.csproj", "{FD787E96-2C32-4204-B5D3-03A39CCD046B}"
EndProject
Project("{2150E333-8FDC-42A3-9474-1A3956D46DE8}") = "Strings", "Strings", "{B8990B7E-F74B-4282-BA14-C1400CE210AD}"
EndProject
Project("{9A19103F-16F7-4668-BE54-9A1E7A4F7556}") = "SherlockAndAnagrams", "SherlockAndAnagrams\SherlockAndAnagrams.csproj", "{8A872A2C-FE67-44AA-82F3-B611FE0CD5C6}"
EndProject
Project("{2150E333-8FDC-42A3-9474-1A3956D46DE8}") = "GameTheory", "GameTheory", "{4AB25E12-2F2A-4691-B08D-A756B1B23F10}"
EndProject
Project("{9A19103F-16F7-4668-BE54-9A1E7A4F7556}") = "GameOfStones", "GameOfStones\GameOfStones.csproj", "{3CE3FFE5-2560-4959-9885-A052755A48C2}"
EndProject
Project("{9A19103F-16F7-4668-BE54-9A1E7A4F7556}") = "NimbleGame", "NimbleGame\NimbleGame.csproj", "{6F128E0C-3034-4237-B974-82D4A68209D2}"
EndProject
Project("{9A19103F-16F7-4668-BE54-9A1E7A4F7556}") = "PokerNim", "PokerNim\PokerNim.csproj", "{CA50C5C1-6B35-4E84-A468-A943CE30D6A9}"
EndProject
Project("{2150E333-8FDC-42A3-9474-1A3956D46DE8}") = "NumberTheory", "NumberTheory", "{04533365-5096-4C00-B22D-3899D4202681}"
EndProject
Project("{2150E333-8FDC-42A3-9474-1A3956D46DE8}") = "Mathematics", "Mathematics", "{E7456127-3125-4213-AB81-6650599843C5}"
EndProject
Project("{2150E333-8FDC-42A3-9474-1A3956D46DE8}") = "Easy", "Easy", "{9703FD12-7050-4713-8B54-B64B6633BB17}"
EndProject
Project("{2150E333-8FDC-42A3-9474-1A3956D46DE8}") = "Medium", "Medium", "{7546A305-97E9-446E-8E94-E8EB4D947D7A}"
EndProject
Project("{2150E333-8FDC-42A3-9474-1A3956D46DE8}") = "Hard", "Hard", "{0CD6AA95-DB69-42F2-871B-56E354D3BA84}"
EndProject
Project("{FAE04EC0-301F-11D3-BF4B-00C04F79EFBC}") = "ConstructingANumber", "ConstructingANumber\ConstructingANumber.csproj", "{3994E35C-9B08-4CAD-92CB-75250B7CBE70}"
EndProject
Project("{2150E333-8FDC-42A3-9474-1A3956D46DE8}") = "Implementation", "Implementation", "{D56E4D3E-0633-48F2-BD99-540DA96A218B}"
EndProject
Project("{FAE04EC0-301F-11D3-BF4B-00C04F79EFBC}") = "TheHurdleRace", "TheHurdleRace\TheHurdleRace.csproj", "{52D73902-620E-4C44-B6DE-259AFEA6E150}"
EndProject
Project("{2150E333-8FDC-42A3-9474-1A3956D46DE8}") = "Algorithms", "Algorithms", "{8EF5C2B3-192E-4A33-B468-14E2ED794A48}"
EndProject
Project("{FAE04EC0-301F-11D3-BF4B-00C04F79EFBC}") = "PickingNumbers", "PickingNumbers\PickingNumbers.csproj", "{76949840-1B38-484A-946D-8305405C582D}"
EndProject
Project("{FAE04EC0-301F-11D3-BF4B-00C04F79EFBC}") = "AngryProfessor", "AngryProfessor\AngryProfessor.csproj", "{89297477-6B12-4E60-852E-993FA97E1679}"
EndProject
Project("{FAE04EC0-301F-11D3-BF4B-00C04F79EFBC}") = "DayOfTheProgrammer", "DayOfTheProgrammer\DayOfTheProgrammer.csproj", "{C58D0F24-4F99-45A3-BB47-E5C5671BA0BB}"
EndProject
Global
	GlobalSection(SolutionConfigurationPlatforms) = preSolution
		Debug|Any CPU = Debug|Any CPU
		Release|Any CPU = Release|Any CPU
	EndGlobalSection
	GlobalSection(ProjectConfigurationPlatforms) = postSolution
		{C49C24D0-599F-4560-9F08-F3D88C36A6D1}.Debug|Any CPU.ActiveCfg = Debug|Any CPU
		{C49C24D0-599F-4560-9F08-F3D88C36A6D1}.Debug|Any CPU.Build.0 = Debug|Any CPU
		{C49C24D0-599F-4560-9F08-F3D88C36A6D1}.Release|Any CPU.ActiveCfg = Release|Any CPU
		{C49C24D0-599F-4560-9F08-F3D88C36A6D1}.Release|Any CPU.Build.0 = Release|Any CPU
		{7E8184DD-B109-4DB4-AFC9-88ECE8A118B3}.Debug|Any CPU.ActiveCfg = Debug|Any CPU
		{7E8184DD-B109-4DB4-AFC9-88ECE8A118B3}.Debug|Any CPU.Build.0 = Debug|Any CPU
		{7E8184DD-B109-4DB4-AFC9-88ECE8A118B3}.Release|Any CPU.ActiveCfg = Release|Any CPU
		{7E8184DD-B109-4DB4-AFC9-88ECE8A118B3}.Release|Any CPU.Build.0 = Release|Any CPU
		{5D99167F-F3BD-4336-891F-925EE8A1EB7A}.Debug|Any CPU.ActiveCfg = Debug|Any CPU
		{5D99167F-F3BD-4336-891F-925EE8A1EB7A}.Debug|Any CPU.Build.0 = Debug|Any CPU
		{5D99167F-F3BD-4336-891F-925EE8A1EB7A}.Release|Any CPU.ActiveCfg = Release|Any CPU
		{5D99167F-F3BD-4336-891F-925EE8A1EB7A}.Release|Any CPU.Build.0 = Release|Any CPU
		{12D4D80E-0481-490A-B2AC-730F640C7A6F}.Debug|Any CPU.ActiveCfg = Debug|Any CPU
		{12D4D80E-0481-490A-B2AC-730F640C7A6F}.Debug|Any CPU.Build.0 = Debug|Any CPU
		{12D4D80E-0481-490A-B2AC-730F640C7A6F}.Release|Any CPU.ActiveCfg = Release|Any CPU
		{12D4D80E-0481-490A-B2AC-730F640C7A6F}.Release|Any CPU.Build.0 = Release|Any CPU
		{CB9EB2D3-027E-4C54-813E-68F681B2AB1B}.Debug|Any CPU.ActiveCfg = Debug|Any CPU
		{CB9EB2D3-027E-4C54-813E-68F681B2AB1B}.Debug|Any CPU.Build.0 = Debug|Any CPU
		{CB9EB2D3-027E-4C54-813E-68F681B2AB1B}.Release|Any CPU.ActiveCfg = Release|Any CPU
		{CB9EB2D3-027E-4C54-813E-68F681B2AB1B}.Release|Any CPU.Build.0 = Release|Any CPU
		{22CC290D-DDDA-4516-B1B3-3D222E7FA0FE}.Debug|Any CPU.ActiveCfg = Debug|Any CPU
		{22CC290D-DDDA-4516-B1B3-3D222E7FA0FE}.Debug|Any CPU.Build.0 = Debug|Any CPU
		{22CC290D-DDDA-4516-B1B3-3D222E7FA0FE}.Release|Any CPU.ActiveCfg = Release|Any CPU
		{22CC290D-DDDA-4516-B1B3-3D222E7FA0FE}.Release|Any CPU.Build.0 = Release|Any CPU
		{5DDEBC25-D59C-45E5-9EA7-446B7D3E0C78}.Debug|Any CPU.ActiveCfg = Debug|Any CPU
		{5DDEBC25-D59C-45E5-9EA7-446B7D3E0C78}.Debug|Any CPU.Build.0 = Debug|Any CPU
		{5DDEBC25-D59C-45E5-9EA7-446B7D3E0C78}.Release|Any CPU.ActiveCfg = Release|Any CPU
		{5DDEBC25-D59C-45E5-9EA7-446B7D3E0C78}.Release|Any CPU.Build.0 = Release|Any CPU
		{790DD2DB-F03E-41DD-8D75-E548C6A49844}.Debug|Any CPU.ActiveCfg = Debug|Any CPU
		{790DD2DB-F03E-41DD-8D75-E548C6A49844}.Debug|Any CPU.Build.0 = Debug|Any CPU
		{790DD2DB-F03E-41DD-8D75-E548C6A49844}.Release|Any CPU.ActiveCfg = Release|Any CPU
		{790DD2DB-F03E-41DD-8D75-E548C6A49844}.Release|Any CPU.Build.0 = Release|Any CPU
		{7991271B-3C5A-47A1-A242-10B362717570}.Debug|Any CPU.ActiveCfg = Debug|Any CPU
		{7991271B-3C5A-47A1-A242-10B362717570}.Debug|Any CPU.Build.0 = Debug|Any CPU
		{7991271B-3C5A-47A1-A242-10B362717570}.Release|Any CPU.ActiveCfg = Release|Any CPU
		{7991271B-3C5A-47A1-A242-10B362717570}.Release|Any CPU.Build.0 = Release|Any CPU
		{3BA73DBC-8849-4D4B-A3D4-6588AC5FE590}.Debug|Any CPU.ActiveCfg = Debug|Any CPU
		{3BA73DBC-8849-4D4B-A3D4-6588AC5FE590}.Debug|Any CPU.Build.0 = Debug|Any CPU
		{3BA73DBC-8849-4D4B-A3D4-6588AC5FE590}.Release|Any CPU.ActiveCfg = Release|Any CPU
		{3BA73DBC-8849-4D4B-A3D4-6588AC5FE590}.Release|Any CPU.Build.0 = Release|Any CPU
		{089F5F71-8E49-4015-B3E3-0B8CFE999A05}.Debug|Any CPU.ActiveCfg = Debug|Any CPU
		{089F5F71-8E49-4015-B3E3-0B8CFE999A05}.Debug|Any CPU.Build.0 = Debug|Any CPU
		{089F5F71-8E49-4015-B3E3-0B8CFE999A05}.Release|Any CPU.ActiveCfg = Release|Any CPU
		{089F5F71-8E49-4015-B3E3-0B8CFE999A05}.Release|Any CPU.Build.0 = Release|Any CPU
		{4C98BE3C-6470-4DA6-815B-67B8E9C3DC5F}.Debug|Any CPU.ActiveCfg = Debug|Any CPU
		{4C98BE3C-6470-4DA6-815B-67B8E9C3DC5F}.Debug|Any CPU.Build.0 = Debug|Any CPU
		{4C98BE3C-6470-4DA6-815B-67B8E9C3DC5F}.Release|Any CPU.ActiveCfg = Release|Any CPU
		{4C98BE3C-6470-4DA6-815B-67B8E9C3DC5F}.Release|Any CPU.Build.0 = Release|Any CPU
		{FD787E96-2C32-4204-B5D3-03A39CCD046B}.Debug|Any CPU.ActiveCfg = Debug|Any CPU
		{FD787E96-2C32-4204-B5D3-03A39CCD046B}.Debug|Any CPU.Build.0 = Debug|Any CPU
		{FD787E96-2C32-4204-B5D3-03A39CCD046B}.Release|Any CPU.ActiveCfg = Release|Any CPU
		{FD787E96-2C32-4204-B5D3-03A39CCD046B}.Release|Any CPU.Build.0 = Release|Any CPU
		{8A872A2C-FE67-44AA-82F3-B611FE0CD5C6}.Debug|Any CPU.ActiveCfg = Debug|Any CPU
		{8A872A2C-FE67-44AA-82F3-B611FE0CD5C6}.Debug|Any CPU.Build.0 = Debug|Any CPU
		{8A872A2C-FE67-44AA-82F3-B611FE0CD5C6}.Release|Any CPU.ActiveCfg = Release|Any CPU
		{8A872A2C-FE67-44AA-82F3-B611FE0CD5C6}.Release|Any CPU.Build.0 = Release|Any CPU
		{3CE3FFE5-2560-4959-9885-A052755A48C2}.Debug|Any CPU.ActiveCfg = Debug|Any CPU
		{3CE3FFE5-2560-4959-9885-A052755A48C2}.Debug|Any CPU.Build.0 = Debug|Any CPU
		{3CE3FFE5-2560-4959-9885-A052755A48C2}.Release|Any CPU.ActiveCfg = Release|Any CPU
		{3CE3FFE5-2560-4959-9885-A052755A48C2}.Release|Any CPU.Build.0 = Release|Any CPU
		{6F128E0C-3034-4237-B974-82D4A68209D2}.Debug|Any CPU.ActiveCfg = Debug|Any CPU
		{6F128E0C-3034-4237-B974-82D4A68209D2}.Debug|Any CPU.Build.0 = Debug|Any CPU
		{6F128E0C-3034-4237-B974-82D4A68209D2}.Release|Any CPU.ActiveCfg = Release|Any CPU
		{6F128E0C-3034-4237-B974-82D4A68209D2}.Release|Any CPU.Build.0 = Release|Any CPU
		{CA50C5C1-6B35-4E84-A468-A943CE30D6A9}.Debug|Any CPU.ActiveCfg = Debug|Any CPU
		{CA50C5C1-6B35-4E84-A468-A943CE30D6A9}.Debug|Any CPU.Build.0 = Debug|Any CPU
		{CA50C5C1-6B35-4E84-A468-A943CE30D6A9}.Release|Any CPU.ActiveCfg = Release|Any CPU
		{CA50C5C1-6B35-4E84-A468-A943CE30D6A9}.Release|Any CPU.Build.0 = Release|Any CPU
		{3994E35C-9B08-4CAD-92CB-75250B7CBE70}.Debug|Any CPU.ActiveCfg = Debug|Any CPU
		{3994E35C-9B08-4CAD-92CB-75250B7CBE70}.Debug|Any CPU.Build.0 = Debug|Any CPU
		{3994E35C-9B08-4CAD-92CB-75250B7CBE70}.Release|Any CPU.ActiveCfg = Release|Any CPU
		{3994E35C-9B08-4CAD-92CB-75250B7CBE70}.Release|Any CPU.Build.0 = Release|Any CPU
		{52D73902-620E-4C44-B6DE-259AFEA6E150}.Debug|Any CPU.ActiveCfg = Debug|Any CPU
		{52D73902-620E-4C44-B6DE-259AFEA6E150}.Debug|Any CPU.Build.0 = Debug|Any CPU
		{52D73902-620E-4C44-B6DE-259AFEA6E150}.Release|Any CPU.ActiveCfg = Release|Any CPU
		{52D73902-620E-4C44-B6DE-259AFEA6E150}.Release|Any CPU.Build.0 = Release|Any CPU
		{76949840-1B38-484A-946D-8305405C582D}.Debug|Any CPU.ActiveCfg = Debug|Any CPU
		{76949840-1B38-484A-946D-8305405C582D}.Debug|Any CPU.Build.0 = Debug|Any CPU
		{76949840-1B38-484A-946D-8305405C582D}.Release|Any CPU.ActiveCfg = Release|Any CPU
		{76949840-1B38-484A-946D-8305405C582D}.Release|Any CPU.Build.0 = Release|Any CPU
		{89297477-6B12-4E60-852E-993FA97E1679}.Debug|Any CPU.ActiveCfg = Debug|Any CPU
		{89297477-6B12-4E60-852E-993FA97E1679}.Debug|Any CPU.Build.0 = Debug|Any CPU
		{89297477-6B12-4E60-852E-993FA97E1679}.Release|Any CPU.ActiveCfg = Release|Any CPU
		{89297477-6B12-4E60-852E-993FA97E1679}.Release|Any CPU.Build.0 = Release|Any CPU
		{C58D0F24-4F99-45A3-BB47-E5C5671BA0BB}.Debug|Any CPU.ActiveCfg = Debug|Any CPU
		{C58D0F24-4F99-45A3-BB47-E5C5671BA0BB}.Debug|Any CPU.Build.0 = Debug|Any CPU
		{C58D0F24-4F99-45A3-BB47-E5C5671BA0BB}.Release|Any CPU.ActiveCfg = Release|Any CPU
		{C58D0F24-4F99-45A3-BB47-E5C5671BA0BB}.Release|Any CPU.Build.0 = Release|Any CPU
	EndGlobalSection
	GlobalSection(SolutionProperties) = preSolution
		HideSolutionNode = FALSE
	EndGlobalSection
	GlobalSection(NestedProjects) = preSolution
		{C49C24D0-599F-4560-9F08-F3D88C36A6D1} = {914CC848-67B5-4881-8EA3-AA8A73FE52C2}
		{7E8184DD-B109-4DB4-AFC9-88ECE8A118B3} = {62F95872-9E93-4EDA-94D9-4ACFA15AF149}
		{5D99167F-F3BD-4336-891F-925EE8A1EB7A} = {62F95872-9E93-4EDA-94D9-4ACFA15AF149}
		{62F95872-9E93-4EDA-94D9-4ACFA15AF149} = {8EF5C2B3-192E-4A33-B468-14E2ED794A48}
		{914CC848-67B5-4881-8EA3-AA8A73FE52C2} = {8EF5C2B3-192E-4A33-B468-14E2ED794A48}
		{FDAAFFC1-DEF3-40D3-B91C-D017980344FD} = {8EF5C2B3-192E-4A33-B468-14E2ED794A48}
		{12D4D80E-0481-490A-B2AC-730F640C7A6F} = {62F95872-9E93-4EDA-94D9-4ACFA15AF149}
		{7EC5CB09-4252-43EB-934B-765C3ADBAEBE} = {62F95872-9E93-4EDA-94D9-4ACFA15AF149}
		{CB9EB2D3-027E-4C54-813E-68F681B2AB1B} = {7EC5CB09-4252-43EB-934B-765C3ADBAEBE}
		{22CC290D-DDDA-4516-B1B3-3D222E7FA0FE} = {7EC5CB09-4252-43EB-934B-765C3ADBAEBE}
		{5DDEBC25-D59C-45E5-9EA7-446B7D3E0C78} = {7EC5CB09-4252-43EB-934B-765C3ADBAEBE}
		{790DD2DB-F03E-41DD-8D75-E548C6A49844} = {7EC5CB09-4252-43EB-934B-765C3ADBAEBE}
		{7991271B-3C5A-47A1-A242-10B362717570} = {7EC5CB09-4252-43EB-934B-765C3ADBAEBE}
		{3BA73DBC-8849-4D4B-A3D4-6588AC5FE590} = {7EC5CB09-4252-43EB-934B-765C3ADBAEBE}
		{089F5F71-8E49-4015-B3E3-0B8CFE999A05} = {7EC5CB09-4252-43EB-934B-765C3ADBAEBE}
		{4C98BE3C-6470-4DA6-815B-67B8E9C3DC5F} = {7EC5CB09-4252-43EB-934B-765C3ADBAEBE}
		{FD787E96-2C32-4204-B5D3-03A39CCD046B} = {7EC5CB09-4252-43EB-934B-765C3ADBAEBE}
		{B8990B7E-F74B-4282-BA14-C1400CE210AD} = {914CC848-67B5-4881-8EA3-AA8A73FE52C2}
		{8A872A2C-FE67-44AA-82F3-B611FE0CD5C6} = {B8990B7E-F74B-4282-BA14-C1400CE210AD}
		{4AB25E12-2F2A-4691-B08D-A756B1B23F10} = {62F95872-9E93-4EDA-94D9-4ACFA15AF149}
		{3CE3FFE5-2560-4959-9885-A052755A48C2} = {4AB25E12-2F2A-4691-B08D-A756B1B23F10}
		{6F128E0C-3034-4237-B974-82D4A68209D2} = {4AB25E12-2F2A-4691-B08D-A756B1B23F10}
		{CA50C5C1-6B35-4E84-A468-A943CE30D6A9} = {4AB25E12-2F2A-4691-B08D-A756B1B23F10}
		{04533365-5096-4C00-B22D-3899D4202681} = {9703FD12-7050-4713-8B54-B64B6633BB17}
		{9703FD12-7050-4713-8B54-B64B6633BB17} = {E7456127-3125-4213-AB81-6650599843C5}
		{7546A305-97E9-446E-8E94-E8EB4D947D7A} = {E7456127-3125-4213-AB81-6650599843C5}
		{0CD6AA95-DB69-42F2-871B-56E354D3BA84} = {E7456127-3125-4213-AB81-6650599843C5}
		{3994E35C-9B08-4CAD-92CB-75250B7CBE70} = {04533365-5096-4C00-B22D-3899D4202681}
		{D56E4D3E-0633-48F2-BD99-540DA96A218B} = {62F95872-9E93-4EDA-94D9-4ACFA15AF149}
		{52D73902-620E-4C44-B6DE-259AFEA6E150} = {D56E4D3E-0633-48F2-BD99-540DA96A218B}
		{76949840-1B38-484A-946D-8305405C582D} = {D56E4D3E-0633-48F2-BD99-540DA96A218B}
		{89297477-6B12-4E60-852E-993FA97E1679} = {D56E4D3E-0633-48F2-BD99-540DA96A218B}
		{C58D0F24-4F99-45A3-BB47-E5C5671BA0BB} = {D56E4D3E-0633-48F2-BD99-540DA96A218B}
	EndGlobalSection
	GlobalSection(ExtensibilityGlobals) = postSolution
		SolutionGuid = {347C0EDA-D0E5-43CE-9795-8DE761FB6BDD}
	EndGlobalSection
EndGlobal
